
Microsoft Visual Studio Solution File, Format Version 12.00
# Visual Studio 2015
Project("{FAE04EC0-301F-11D3-BF4B-00C04F79EFBC}") = "firstProject.CSharp", "firstProject.CSharp.csproj", "{B7FA1365-FDAB-D3EE-4C69-310419D10055}"
EndProject
Global
	GlobalSection(SolutionConfigurationPlatforms) = preSolution
		Debug|Any CPU = Debug|Any CPU
		Release|Any CPU = Release|Any CPU
	EndGlobalSection
	GlobalSection(ProjectConfigurationPlatforms) = postSolution
		{B7FA1365-FDAB-D3EE-4C69-310419D10055}.Debug|Any CPU.ActiveCfg = Debug|Any CPU
		{B7FA1365-FDAB-D3EE-4C69-310419D10055}.Debug|Any CPU.Build.0 = Debug|Any CPU
		{B7FA1365-FDAB-D3EE-4C69-310419D10055}.Release|Any CPU.ActiveCfg = Release|Any CPU
		{B7FA1365-FDAB-D3EE-4C69-310419D10055}.Release|Any CPU.Build.0 = Release|Any CPU
	EndGlobalSection
	GlobalSection(SolutionProperties) = preSolution
		HideSolutionNode = FALSE
	EndGlobalSection
EndGlobal
